{
  "version": "3",
  "remote": {
    "https://deno.land/std@0.103.0/fmt/colors.ts": "d2f8355f00a74404668fc5a1e4a92983ce1a9b0a6ac1d40efbd681cb8f519586",
    "https://deno.land/std@0.103.0/testing/_diff.ts": "5d3693155f561d1a5443ac751ac70aab9f5d67b4819a621d4b96b8a1a1c89620",
    "https://deno.land/std@0.103.0/testing/asserts.ts": "b668f7e9f7cc44cf674c7ef00d52bb5fc9b28cdf5e32bc9dad2bf355d3c1b810"
  }
}
